
Microsoft Visual Studio Solution File, Format Version 12.00
# Visual Studio Version 17
VisualStudioVersion = 17.6.33829.357
MinimumVisualStudioVersion = 10.0.40219.1
Project("{9A19103F-16F7-4668-BE54-9A1E7A4F7556}") = "HelloWorld", "HelloWorld\HelloWorld.csproj", "{9FD10953-2AF2-40DC-AC9A-41A21BF358BE}"
EndProject
Project("{FAE04EC0-301F-11D3-BF4B-00C04F79EFBC}") = "Numbers1to10", "Numbers1to10\Numbers1to10.csproj", "{4077DF17-354B-4023-93D5-2A6BEC05727F}"
EndProject
Global
	GlobalSection(SolutionConfigurationPlatforms) = preSolution
		Debug|Any CPU = Debug|Any CPU
		Release|Any CPU = Release|Any CPU
	EndGlobalSection
	GlobalSection(ProjectConfigurationPlatforms) = postSolution
		{9FD10953-2AF2-40DC-AC9A-41A21BF358BE}.Debug|Any CPU.ActiveCfg = Debug|Any CPU
		{9FD10953-2AF2-40DC-AC9A-41A21BF358BE}.Debug|Any CPU.Build.0 = Debug|Any CPU
		{9FD10953-2AF2-40DC-AC9A-41A21BF358BE}.Release|Any CPU.ActiveCfg = Release|Any CPU
		{9FD10953-2AF2-40DC-AC9A-41A21BF358BE}.Release|Any CPU.Build.0 = Release|Any CPU
		{4077DF17-354B-4023-93D5-2A6BEC05727F}.Debug|Any CPU.ActiveCfg = Debug|Any CPU
		{4077DF17-354B-4023-93D5-2A6BEC05727F}.Debug|Any CPU.Build.0 = Debug|Any CPU
		{4077DF17-354B-4023-93D5-2A6BEC05727F}.Release|Any CPU.ActiveCfg = Release|Any CPU
		{4077DF17-354B-4023-93D5-2A6BEC05727F}.Release|Any CPU.Build.0 = Release|Any CPU
	EndGlobalSection
	GlobalSection(SolutionProperties) = preSolution
		HideSolutionNode = FALSE
	EndGlobalSection
	GlobalSection(ExtensibilityGlobals) = postSolution
		SolutionGuid = {F89EAE83-1862-4A36-A585-FC6E23E8F491}
	EndGlobalSection
EndGlobal
